
Microsoft Visual Studio Solution File, Format Version 12.00
# Visual Studio 2013
VisualStudioVersion = 12.0.31101.0
MinimumVisualStudioVersion = 10.0.40219.1
Project("{FAE04EC0-301F-11D3-BF4B-00C04F79EFBC}") = "SoftUniSystem.Services", "SoftUniSystem.Services\SoftUniSystem.Services.csproj", "{114AEE40-A755-4C6F-89F0-E58C39B23CB7}"
EndProject
Project("{FAE04EC0-301F-11D3-BF4B-00C04F79EFBC}") = "SoftUniSystem.Data", "SoftUniSystem.Data\SoftUniSystem.Data.csproj", "{5D6D68E1-9E60-4441-BECC-36F1D51434D8}"
EndProject
Project("{FAE04EC0-301F-11D3-BF4B-00C04F79EFBC}") = "SoftUniSystem.Models", "SoftUniSystem.Models\SoftUniSystem.Models.csproj", "{3D57B897-28EB-4F05-A168-AF0C819FF868}"
EndProject
Global
	GlobalSection(SolutionConfigurationPlatforms) = preSolution
		Debug|Any CPU = Debug|Any CPU
		Release|Any CPU = Release|Any CPU
	EndGlobalSection
	GlobalSection(ProjectConfigurationPlatforms) = postSolution
		{114AEE40-A755-4C6F-89F0-E58C39B23CB7}.Debug|Any CPU.ActiveCfg = Debug|Any CPU
		{114AEE40-A755-4C6F-89F0-E58C39B23CB7}.Debug|Any CPU.Build.0 = Debug|Any CPU
		{114AEE40-A755-4C6F-89F0-E58C39B23CB7}.Release|Any CPU.ActiveCfg = Release|Any CPU
		{114AEE40-A755-4C6F-89F0-E58C39B23CB7}.Release|Any CPU.Build.0 = Release|Any CPU
		{5D6D68E1-9E60-4441-BECC-36F1D51434D8}.Debug|Any CPU.ActiveCfg = Debug|Any CPU
		{5D6D68E1-9E60-4441-BECC-36F1D51434D8}.Debug|Any CPU.Build.0 = Debug|Any CPU
		{5D6D68E1-9E60-4441-BECC-36F1D51434D8}.Release|Any CPU.ActiveCfg = Release|Any CPU
		{5D6D68E1-9E60-4441-BECC-36F1D51434D8}.Release|Any CPU.Build.0 = Release|Any CPU
		{3D57B897-28EB-4F05-A168-AF0C819FF868}.Debug|Any CPU.ActiveCfg = Debug|Any CPU
		{3D57B897-28EB-4F05-A168-AF0C819FF868}.Debug|Any CPU.Build.0 = Debug|Any CPU
		{3D57B897-28EB-4F05-A168-AF0C819FF868}.Release|Any CPU.ActiveCfg = Release|Any CPU
		{3D57B897-28EB-4F05-A168-AF0C819FF868}.Release|Any CPU.Build.0 = Release|Any CPU
	EndGlobalSection
	GlobalSection(SolutionProperties) = preSolution
		HideSolutionNode = FALSE
	EndGlobalSection
EndGlobal
