
Microsoft Visual Studio Solution File, Format Version 12.00
# Visual Studio 14
VisualStudioVersion = 14.0.23107.0
MinimumVisualStudioVersion = 10.0.40219.1
Project("{FAE04EC0-301F-11D3-BF4B-00C04F79EFBC}") = "SocialNetwork.Models", "SocialNetwork.Models\SocialNetwork.Models.csproj", "{1696C1BC-B429-4BE1-AD16-D56CE03E2ED1}"
EndProject
Project("{FAE04EC0-301F-11D3-BF4B-00C04F79EFBC}") = "SocialNetwork.Data", "SocialNetwork.Data\SocialNetwork.Data.csproj", "{8EB9735B-0BC0-4B1B-959C-4E2B30E4D002}"
EndProject
Project("{FAE04EC0-301F-11D3-BF4B-00C04F79EFBC}") = "SocialNetwork.Services", "SocialNetwork.Services\SocialNetwork.Services.csproj", "{C3CAFD39-88DF-42B0-BD0A-155717CADF8E}"
EndProject
Global
	GlobalSection(SolutionConfigurationPlatforms) = preSolution
		Debug|Any CPU = Debug|Any CPU
		Release|Any CPU = Release|Any CPU
	EndGlobalSection
	GlobalSection(ProjectConfigurationPlatforms) = postSolution
		{1696C1BC-B429-4BE1-AD16-D56CE03E2ED1}.Debug|Any CPU.ActiveCfg = Debug|Any CPU
		{1696C1BC-B429-4BE1-AD16-D56CE03E2ED1}.Debug|Any CPU.Build.0 = Debug|Any CPU
		{1696C1BC-B429-4BE1-AD16-D56CE03E2ED1}.Release|Any CPU.ActiveCfg = Release|Any CPU
		{1696C1BC-B429-4BE1-AD16-D56CE03E2ED1}.Release|Any CPU.Build.0 = Release|Any CPU
		{8EB9735B-0BC0-4B1B-959C-4E2B30E4D002}.Debug|Any CPU.ActiveCfg = Debug|Any CPU
		{8EB9735B-0BC0-4B1B-959C-4E2B30E4D002}.Debug|Any CPU.Build.0 = Debug|Any CPU
		{8EB9735B-0BC0-4B1B-959C-4E2B30E4D002}.Release|Any CPU.ActiveCfg = Release|Any CPU
		{8EB9735B-0BC0-4B1B-959C-4E2B30E4D002}.Release|Any CPU.Build.0 = Release|Any CPU
		{C3CAFD39-88DF-42B0-BD0A-155717CADF8E}.Debug|Any CPU.ActiveCfg = Debug|Any CPU
		{C3CAFD39-88DF-42B0-BD0A-155717CADF8E}.Debug|Any CPU.Build.0 = Debug|Any CPU
		{C3CAFD39-88DF-42B0-BD0A-155717CADF8E}.Release|Any CPU.ActiveCfg = Release|Any CPU
		{C3CAFD39-88DF-42B0-BD0A-155717CADF8E}.Release|Any CPU.Build.0 = Release|Any CPU
	EndGlobalSection
	GlobalSection(SolutionProperties) = preSolution
		HideSolutionNode = FALSE
	EndGlobalSection
EndGlobal
